
Microsoft Visual Studio Solution File, Format Version 12.00
# Visual Studio 15
VisualStudioVersion = 15.0.28307.136
MinimumVisualStudioVersion = 10.0.40219.1
Project("{FAE04EC0-301F-11D3-BF4B-00C04F79EFBC}") = "Ex36 Observer Pattern 2", "Ex36 Observer Pattern 2\Ex36 Observer Pattern 2.csproj", "{AE7EFC3A-9199-4C16-BB49-6CCE77F7612A}"
EndProject
Global
	GlobalSection(SolutionConfigurationPlatforms) = preSolution
		Debug|Any CPU = Debug|Any CPU
		Release|Any CPU = Release|Any CPU
	EndGlobalSection
	GlobalSection(ProjectConfigurationPlatforms) = postSolution
		{AE7EFC3A-9199-4C16-BB49-6CCE77F7612A}.Debug|Any CPU.ActiveCfg = Debug|Any CPU
		{AE7EFC3A-9199-4C16-BB49-6CCE77F7612A}.Debug|Any CPU.Build.0 = Debug|Any CPU
		{AE7EFC3A-9199-4C16-BB49-6CCE77F7612A}.Release|Any CPU.ActiveCfg = Release|Any CPU
		{AE7EFC3A-9199-4C16-BB49-6CCE77F7612A}.Release|Any CPU.Build.0 = Release|Any CPU
	EndGlobalSection
	GlobalSection(SolutionProperties) = preSolution
		HideSolutionNode = FALSE
	EndGlobalSection
	GlobalSection(ExtensibilityGlobals) = postSolution
		SolutionGuid = {80F5A2DE-6A9D-4106-A2BC-C0B3DC7D9032}
	EndGlobalSection
EndGlobal
